PODS:
  - Alamofire (5.6.4)
  - IORequestable (0.1.11):
    - IORequestable/Core (= 0.1.11)
  - IORequestable/Core (0.1.11):
    - Alamofire (~> 5.0)
    - Moya (~> 15.0.0)
  - IORequestable/RxSwift (0.1.11):
    - IORequestable/Core
    - RxCocoa (~> 6.0)
    - RxSwift (~> 6.0)
  - Moya (15.0.0):
    - Moya/Core (= 15.0.0)
  - Moya/Core (15.0.0):
    - Alamofire (~> 5.0)
  - RxCocoa (6.5.0):
    - RxRelay (= 6.5.0)
    - RxSwift (= 6.5.0)
  - RxRelay (6.5.0):
    - RxSwift (= 6.5.0)
  - RxSwift (6.5.0)

DEPENDENCIES:
  - IORequestable (from `../`)
  - IORequestable/RxSwift (from `../`)

SPEC REPOS:
  trunk:
    - Alamofire
    - Moya
    - RxCocoa
    - RxRelay
    - RxSwift

EXTERNAL SOURCES:
  IORequestable:
    :path: "../"

SPEC CHECKSUMS:
  Alamofire: 4e95d97098eacb88856099c4fc79b526a299e48c
  IORequestable: bf9263832c57418a3b604d35c60009a001a9e211
  Moya: 138f0573e53411fb3dc17016add0b748dfbd78ee
  RxCocoa: 94f817b71c07517321eb4f9ad299112ca8af743b
  RxRelay: 1de1523e604c72b6c68feadedd1af3b1b4d0ecbd
  RxSwift: 5710a9e6b17f3c3d6e40d6e559b9fa1e813b2ef8

PODFILE CHECKSUM: 5450ded6a0519bb4c5fc9656cd12bcc83e57efcb

COCOAPODS: 1.12.1
